[{<<"dqe_idx">>,{pkg,<<"dqe_idx">>,<<"0.1.8">>},0},
 {<<"epgsql">>,{pkg,<<"epgsql">>,<<"3.1.1">>},1},
 {<<"goldrush">>,{pkg,<<"goldrush">>,<<"0.1.7">>},1},
 {<<"lager">>,{pkg,<<"lager">>,<<"2.1.1">>},0},
 {<<"pgapp">>,{pkg,<<"pgapp">>,<<"0.0.1">>},0},
 {<<"poolboy">>,{pkg,<<"poolboy">>,<<"1.5.1">>},1}].
