[{<<"dproto">>,{pkg,<<"dproto">>,<<"0.1.15">>},0},
 {<<"dqe_idx">>,{pkg,<<"dqe_idx">>,<<"0.1.18">>},0},
 {<<"epgsql">>,{pkg,<<"epgsql">>,<<"3.1.1">>},1},
 {<<"goldrush">>,{pkg,<<"goldrush">>,<<"0.1.8">>},1},
 {<<"lager">>,{pkg,<<"lager">>,<<"2.1.1">>},0},
 {<<"mmath">>,{pkg,<<"mmath">>,<<"0.2.0-alpha7">>},1},
 {<<"pgapp">>,{pkg,<<"pgapp">>,<<"0.0.1">>},0},
 {<<"poolboy">>,{pkg,<<"poolboy">>,<<"1.5.1">>},1}].
