[{<<"dqe_idx">>,
  {git,"https://github.com/dalmatinerdb/dqe_idx.git",
       {ref,"300ba4e5f79b614d2181869da870ad6a66f103e3"}},
  0},
 {<<"epgsql">>,{pkg,<<"epgsql">>,<<"3.3.0">>},1},
 {<<"goldrush">>,{pkg,<<"goldrush">>,<<"0.1.9">>},1},
 {<<"lager">>,{pkg,<<"lager">>,<<"3.2.4">>},0},
 {<<"pgapp">>,{pkg,<<"pgapp">>,<<"0.0.2">>},0},
 {<<"poolboy">>,{pkg,<<"poolboy">>,<<"1.5.1">>},1}].
